
Microsoft Visual Studio Solution File, Format Version 12.00
# Visual Studio 14
VisualStudioVersion = 14.0.25420.1
MinimumVisualStudioVersion = 10.0.40219.1
Project("{FAE04EC0-301F-11D3-BF4B-00C04F79EFBC}") = "Console", "Console\Console.csproj", "{BFA0F2BA-B7F4-4529-B112-329F32C1F622}"
EndProject
Project("{FAE04EC0-301F-11D3-BF4B-00C04F79EFBC}") = "GSBFraisModel", "GSBFraisModel\GSBFraisModel.csproj", "{49F252E0-1560-4CA9-88F6-6C9987769DF1}"
EndProject
Project("{FAE04EC0-301F-11D3-BF4B-00C04F79EFBC}") = "GestionFrais", "GestionFrais\GestionFrais.csproj", "{03471B10-1E5B-4FE2-985C-3C319821CA58}"
EndProject
Global
	GlobalSection(SolutionConfigurationPlatforms) = preSolution
		Debug|Any CPU = Debug|Any CPU
		Release|Any CPU = Release|Any CPU
	EndGlobalSection
	GlobalSection(ProjectConfigurationPlatforms) = postSolution
		{BFA0F2BA-B7F4-4529-B112-329F32C1F622}.Debug|Any CPU.ActiveCfg = Debug|Any CPU
		{BFA0F2BA-B7F4-4529-B112-329F32C1F622}.Debug|Any CPU.Build.0 = Debug|Any CPU
		{BFA0F2BA-B7F4-4529-B112-329F32C1F622}.Release|Any CPU.ActiveCfg = Release|Any CPU
		{BFA0F2BA-B7F4-4529-B112-329F32C1F622}.Release|Any CPU.Build.0 = Release|Any CPU
		{49F252E0-1560-4CA9-88F6-6C9987769DF1}.Debug|Any CPU.ActiveCfg = Debug|Any CPU
		{49F252E0-1560-4CA9-88F6-6C9987769DF1}.Debug|Any CPU.Build.0 = Debug|Any CPU
		{49F252E0-1560-4CA9-88F6-6C9987769DF1}.Release|Any CPU.ActiveCfg = Release|Any CPU
		{49F252E0-1560-4CA9-88F6-6C9987769DF1}.Release|Any CPU.Build.0 = Release|Any CPU
		{03471B10-1E5B-4FE2-985C-3C319821CA58}.Debug|Any CPU.ActiveCfg = Debug|Any CPU
		{03471B10-1E5B-4FE2-985C-3C319821CA58}.Debug|Any CPU.Build.0 = Debug|Any CPU
		{03471B10-1E5B-4FE2-985C-3C319821CA58}.Release|Any CPU.ActiveCfg = Release|Any CPU
		{03471B10-1E5B-4FE2-985C-3C319821CA58}.Release|Any CPU.Build.0 = Release|Any CPU
	EndGlobalSection
	GlobalSection(SolutionProperties) = preSolution
		HideSolutionNode = FALSE
	EndGlobalSection
EndGlobal
